
Microsoft Visual Studio Solution File, Format Version 12.00
# Visual Studio Version 16
VisualStudioVersion = 16.0.29503.13
MinimumVisualStudioVersion = 10.0.40219.1
Project("{FAE04EC0-301F-11D3-BF4B-00C04F79EFBC}") = "TestWebAppProjB", "TestWebAppProjB\TestWebAppProjB.csproj", "{EC7CA511-4674-4C10-AC63-E77C49E8953A}"
EndProject
Project("{FAE04EC0-301F-11D3-BF4B-00C04F79EFBC}") = "TestWebAppProjB.Tests", "TestWebAppProjB.Tests\TestWebAppProjB.Tests.csproj", "{A6AAA06A-3847-4BC6-AB22-A340CD1906B5}"
EndProject
Global
	GlobalSection(SolutionConfigurationPlatforms) = preSolution
		Debug|Any CPU = Debug|Any CPU
		Release|Any CPU = Release|Any CPU
	EndGlobalSection
	GlobalSection(ProjectConfigurationPlatforms) = postSolution
		{EC7CA511-4674-4C10-AC63-E77C49E8953A}.Debug|Any CPU.ActiveCfg = Debug|Any CPU
		{EC7CA511-4674-4C10-AC63-E77C49E8953A}.Debug|Any CPU.Build.0 = Debug|Any CPU
		{EC7CA511-4674-4C10-AC63-E77C49E8953A}.Release|Any CPU.ActiveCfg = Release|Any CPU
		{EC7CA511-4674-4C10-AC63-E77C49E8953A}.Release|Any CPU.Build.0 = Release|Any CPU
		{A6AAA06A-3847-4BC6-AB22-A340CD1906B5}.Debug|Any CPU.ActiveCfg = Debug|Any CPU
		{A6AAA06A-3847-4BC6-AB22-A340CD1906B5}.Debug|Any CPU.Build.0 = Debug|Any CPU
		{A6AAA06A-3847-4BC6-AB22-A340CD1906B5}.Release|Any CPU.ActiveCfg = Release|Any CPU
		{A6AAA06A-3847-4BC6-AB22-A340CD1906B5}.Release|Any CPU.Build.0 = Release|Any CPU
	EndGlobalSection
	GlobalSection(SolutionProperties) = preSolution
		HideSolutionNode = FALSE
	EndGlobalSection
	GlobalSection(ExtensibilityGlobals) = postSolution
		SolutionGuid = {FC759AB1-D464-4ECE-BE04-08F8B8659409}
	EndGlobalSection
EndGlobal
